
Microsoft Visual Studio Solution File, Format Version 12.00
# Visual Studio 14
VisualStudioVersion = 14.0.25123.0
MinimumVisualStudioVersion = 10.0.40219.1
Project("{FAE04EC0-301F-11D3-BF4B-00C04F79EFBC}") = "BristolApiHackathon", "BristolApiHackathon\BristolApiHackathon.csproj", "{CCA40018-2260-4ED6-B4A8-56DCBD32EB6D}"
EndProject
Project("{FAE04EC0-301F-11D3-BF4B-00C04F79EFBC}") = "BristolApiHackathon.ApiClient", "BristolApiHackathon.ApiClient\BristolApiHackathon.ApiClient.csproj", "{768962EF-53E7-407B-9DA9-F768EED2D3CB}"
EndProject
Project("{FAE04EC0-301F-11D3-BF4B-00C04F79EFBC}") = "BristolApiHackathon.Models", "BristolApiHackathon.Models\BristolApiHackathon.Models.csproj", "{085084B6-4862-49DA-B23B-E52AC947DB5D}"
EndProject
Global
	GlobalSection(SolutionConfigurationPlatforms) = preSolution
		Debug|Any CPU = Debug|Any CPU
		Release|Any CPU = Release|Any CPU
	EndGlobalSection
	GlobalSection(ProjectConfigurationPlatforms) = postSolution
		{CCA40018-2260-4ED6-B4A8-56DCBD32EB6D}.Debug|Any CPU.ActiveCfg = Debug|Any CPU
		{CCA40018-2260-4ED6-B4A8-56DCBD32EB6D}.Debug|Any CPU.Build.0 = Debug|Any CPU
		{CCA40018-2260-4ED6-B4A8-56DCBD32EB6D}.Release|Any CPU.ActiveCfg = Release|Any CPU
		{CCA40018-2260-4ED6-B4A8-56DCBD32EB6D}.Release|Any CPU.Build.0 = Release|Any CPU
		{768962EF-53E7-407B-9DA9-F768EED2D3CB}.Debug|Any CPU.ActiveCfg = Debug|Any CPU
		{768962EF-53E7-407B-9DA9-F768EED2D3CB}.Debug|Any CPU.Build.0 = Debug|Any CPU
		{768962EF-53E7-407B-9DA9-F768EED2D3CB}.Release|Any CPU.ActiveCfg = Release|Any CPU
		{768962EF-53E7-407B-9DA9-F768EED2D3CB}.Release|Any CPU.Build.0 = Release|Any CPU
		{085084B6-4862-49DA-B23B-E52AC947DB5D}.Debug|Any CPU.ActiveCfg = Debug|Any CPU
		{085084B6-4862-49DA-B23B-E52AC947DB5D}.Debug|Any CPU.Build.0 = Debug|Any CPU
		{085084B6-4862-49DA-B23B-E52AC947DB5D}.Release|Any CPU.ActiveCfg = Release|Any CPU
		{085084B6-4862-49DA-B23B-E52AC947DB5D}.Release|Any CPU.Build.0 = Release|Any CPU
	EndGlobalSection
	GlobalSection(SolutionProperties) = preSolution
		HideSolutionNode = FALSE
	EndGlobalSection
EndGlobal
